
Microsoft Visual Studio Solution File, Format Version 12.00
# Visual Studio 2013
VisualStudioVersion = 12.0.21005.1
MinimumVisualStudioVersion = 10.0.40219.1
Project("{FAE04EC0-301F-11D3-BF4B-00C04F79EFBC}") = "JohnDarv.CSharp.Examples", "JohnDarv.CSharp.Examples\JohnDarv.CSharp.Examples.csproj", "{DBA261FE-CE25-4B64-889F-2A7FF2630A00}"
EndProject
Project("{FAE04EC0-301F-11D3-BF4B-00C04F79EFBC}") = "JohnDarv.CSharp.Examples.Extensions", "JohnDarv.CSharp.Examples.Extensions\JohnDarv.CSharp.Examples.Extensions.csproj", "{BDCA5505-E6FC-4BBF-BC33-D0AB61E1BFA3}"
EndProject
Project("{FAE04EC0-301F-11D3-BF4B-00C04F79EFBC}") = "JohnDarv.CSharp.Examples.BigMassiveRocket", "JohnDarv.CSharp.Examples.BigMassiveRocket\JohnDarv.CSharp.Examples.BigMassiveRocket.csproj", "{EF5DFDF3-41ED-4BB4-B77B-F17A2142DE3E}"
EndProject
Project("{FAE04EC0-301F-11D3-BF4B-00C04F79EFBC}") = "JohnDarv.CSharp.Examples.Lock", "JohnDarv.CSharp.Examples.Lock\JohnDarv.CSharp.Examples.Lock.csproj", "{F6EDC6B5-7639-4D82-B5B6-80453AB921F5}"
EndProject
Project("{FAE04EC0-301F-11D3-BF4B-00C04F79EFBC}") = "JohnDarv.CSharp.Examples.AppDomains", "JohnDarv.CSharp.Examples.AppDomains\JohnDarv.CSharp.Examples.AppDomains.csproj", "{A2C6CFAA-F977-4B8B-8CD4-803B57CF123B}"
EndProject
Project("{FAE04EC0-301F-11D3-BF4B-00C04F79EFBC}") = "JohnDarv.CSharp.Examples.Mutexes", "JohnDarv.CSharp.Examples.Mutexes\JohnDarv.CSharp.Examples.Mutexes.csproj", "{CCA93B78-23FE-4055-A4DD-B8B1466F461D}"
EndProject
Project("{FAE04EC0-301F-11D3-BF4B-00C04F79EFBC}") = "JohnDarv.CSharp.Examples.LazyInitialization", "JohnDarv.CSharp.Examples.LazyInitialization\JohnDarv.CSharp.Examples.LazyInitialization.csproj", "{372B98D9-3180-4854-9F04-652D962F94F6}"
EndProject
Project("{FAE04EC0-301F-11D3-BF4B-00C04F79EFBC}") = "JohnDarv.CSharp.Examples.EventWaitHandles", "JohnDarv.CSharp.Examples.EventWaitHandles\JohnDarv.CSharp.Examples.EventWaitHandles.csproj", "{F9D4B282-DC92-4DA5-BADD-BB403D0B7353}"
EndProject
Global
	GlobalSection(SolutionConfigurationPlatforms) = preSolution
		Debug|Any CPU = Debug|Any CPU
		Release|Any CPU = Release|Any CPU
	EndGlobalSection
	GlobalSection(ProjectConfigurationPlatforms) = postSolution
		{DBA261FE-CE25-4B64-889F-2A7FF2630A00}.Debug|Any CPU.ActiveCfg = Debug|Any CPU
		{DBA261FE-CE25-4B64-889F-2A7FF2630A00}.Debug|Any CPU.Build.0 = Debug|Any CPU
		{DBA261FE-CE25-4B64-889F-2A7FF2630A00}.Release|Any CPU.ActiveCfg = Release|Any CPU
		{DBA261FE-CE25-4B64-889F-2A7FF2630A00}.Release|Any CPU.Build.0 = Release|Any CPU
		{BDCA5505-E6FC-4BBF-BC33-D0AB61E1BFA3}.Debug|Any CPU.ActiveCfg = Debug|Any CPU
		{BDCA5505-E6FC-4BBF-BC33-D0AB61E1BFA3}.Debug|Any CPU.Build.0 = Debug|Any CPU
		{BDCA5505-E6FC-4BBF-BC33-D0AB61E1BFA3}.Release|Any CPU.ActiveCfg = Release|Any CPU
		{BDCA5505-E6FC-4BBF-BC33-D0AB61E1BFA3}.Release|Any CPU.Build.0 = Release|Any CPU
		{EF5DFDF3-41ED-4BB4-B77B-F17A2142DE3E}.Debug|Any CPU.ActiveCfg = Debug|Any CPU
		{EF5DFDF3-41ED-4BB4-B77B-F17A2142DE3E}.Debug|Any CPU.Build.0 = Debug|Any CPU
		{EF5DFDF3-41ED-4BB4-B77B-F17A2142DE3E}.Release|Any CPU.ActiveCfg = Release|Any CPU
		{EF5DFDF3-41ED-4BB4-B77B-F17A2142DE3E}.Release|Any CPU.Build.0 = Release|Any CPU
		{F6EDC6B5-7639-4D82-B5B6-80453AB921F5}.Debug|Any CPU.ActiveCfg = Debug|Any CPU
		{F6EDC6B5-7639-4D82-B5B6-80453AB921F5}.Debug|Any CPU.Build.0 = Debug|Any CPU
		{F6EDC6B5-7639-4D82-B5B6-80453AB921F5}.Release|Any CPU.ActiveCfg = Release|Any CPU
		{F6EDC6B5-7639-4D82-B5B6-80453AB921F5}.Release|Any CPU.Build.0 = Release|Any CPU
		{A2C6CFAA-F977-4B8B-8CD4-803B57CF123B}.Debug|Any CPU.ActiveCfg = Debug|Any CPU
		{A2C6CFAA-F977-4B8B-8CD4-803B57CF123B}.Debug|Any CPU.Build.0 = Debug|Any CPU
		{A2C6CFAA-F977-4B8B-8CD4-803B57CF123B}.Release|Any CPU.ActiveCfg = Release|Any CPU
		{A2C6CFAA-F977-4B8B-8CD4-803B57CF123B}.Release|Any CPU.Build.0 = Release|Any CPU
		{CCA93B78-23FE-4055-A4DD-B8B1466F461D}.Debug|Any CPU.ActiveCfg = Debug|Any CPU
		{CCA93B78-23FE-4055-A4DD-B8B1466F461D}.Debug|Any CPU.Build.0 = Debug|Any CPU
		{CCA93B78-23FE-4055-A4DD-B8B1466F461D}.Release|Any CPU.ActiveCfg = Release|Any CPU
		{CCA93B78-23FE-4055-A4DD-B8B1466F461D}.Release|Any CPU.Build.0 = Release|Any CPU
		{372B98D9-3180-4854-9F04-652D962F94F6}.Debug|Any CPU.ActiveCfg = Debug|Any CPU
		{372B98D9-3180-4854-9F04-652D962F94F6}.Debug|Any CPU.Build.0 = Debug|Any CPU
		{372B98D9-3180-4854-9F04-652D962F94F6}.Release|Any CPU.ActiveCfg = Release|Any CPU
		{372B98D9-3180-4854-9F04-652D962F94F6}.Release|Any CPU.Build.0 = Release|Any CPU
		{F9D4B282-DC92-4DA5-BADD-BB403D0B7353}.Debug|Any CPU.ActiveCfg = Debug|Any CPU
		{F9D4B282-DC92-4DA5-BADD-BB403D0B7353}.Debug|Any CPU.Build.0 = Debug|Any CPU
		{F9D4B282-DC92-4DA5-BADD-BB403D0B7353}.Release|Any CPU.ActiveCfg = Release|Any CPU
		{F9D4B282-DC92-4DA5-BADD-BB403D0B7353}.Release|Any CPU.Build.0 = Release|Any CPU
	EndGlobalSection
	GlobalSection(SolutionProperties) = preSolution
		HideSolutionNode = FALSE
	EndGlobalSection
EndGlobal
